PODS:
  - audioplayers_darwin (0.0.1):
    - Flutter
  - Flutter (1.0.0)
  - flutter_inappwebview_ios (0.0.1):
    - Flutter
    - flutter_inappwebview_ios/Core (= 0.0.1)
    - OrderedSet (~> 5.0)
  - flutter_inappwebview_ios/Core (0.0.1):
    - Flutter
    - OrderedSet (~> 5.0)
  - OrderedSet (5.0.0)
  - path_provider_foundation (0.0.1):
    - Flutter
    - FlutterMacOS
  - sqflite (0.0.3):
    - Flutter
    - FlutterMacOS
  - Stripe (23.22.1):
    - StripeApplePay (= 23.22.1)
    - StripeCore (= 23.22.1)
    - StripePayments (= 23.22.1)
    - StripePaymentsUI (= 23.22.1)
    - StripeUICore (= 23.22.1)
  - stripe_ios (0.0.1):
    - Flutter
    - Stripe (~> 23.22.0)
    - StripeApplePay (~> 23.22.0)
    - StripeFinancialConnections (~> 23.22.0)
    - StripePayments (~> 23.22.0)
    - StripePaymentSheet (~> 23.22.0)
    - StripePaymentsUI (~> 23.22.0)
  - StripeApplePay (23.22.1):
    - StripeCore (= 23.22.1)
  - StripeCore (23.22.1)
  - StripeFinancialConnections (23.22.1):
    - StripeCore (= 23.22.1)
    - StripeUICore (= 23.22.1)
  - StripePayments (23.22.1):
    - StripeCore (= 23.22.1)
    - StripePayments/Stripe3DS2 (= 23.22.1)
  - StripePayments/Stripe3DS2 (23.22.1):
    - StripeCore (= 23.22.1)
  - StripePaymentSheet (23.22.1):
    - StripeApplePay (= 23.22.1)
    - StripeCore (= 23.22.1)
    - StripePayments (= 23.22.1)
    - StripePaymentsUI (= 23.22.1)
  - StripePaymentsUI (23.22.1):
    - StripeCore (= 23.22.1)
    - StripePayments (= 23.22.1)
    - StripeUICore (= 23.22.1)
  - StripeUICore (23.22.1):
    - StripeCore (= 23.22.1)

DEPENDENCIES:
  - audioplayers_darwin (from `.symlinks/plugins/audioplayers_darwin/ios`)
  - Flutter (from `Flutter`)
  - flutter_inappwebview_ios (from `.symlinks/plugins/flutter_inappwebview_ios/ios`)
  - path_provider_foundation (from `.symlinks/plugins/path_provider_foundation/darwin`)
  - sqflite (from `.symlinks/plugins/sqflite/darwin`)
  - stripe_ios (from `.symlinks/plugins/stripe_ios/ios`)

SPEC REPOS:
  trunk:
    - OrderedSet
    - Stripe
    - StripeApplePay
    - StripeCore
    - StripeFinancialConnections
    - StripePayments
    - StripePaymentSheet
    - StripePaymentsUI
    - StripeUICore

EXTERNAL SOURCES:
  audioplayers_darwin:
    :path: ".symlinks/plugins/audioplayers_darwin/ios"
  Flutter:
    :path: Flutter
  flutter_inappwebview_ios:
    :path: ".symlinks/plugins/flutter_inappwebview_ios/ios"
  path_provider_foundation:
    :path: ".symlinks/plugins/path_provider_foundation/darwin"
  sqflite:
    :path: ".symlinks/plugins/sqflite/darwin"
  stripe_ios:
    :path: ".symlinks/plugins/stripe_ios/ios"

SPEC CHECKSUMS:
  audioplayers_darwin: 877d9a4d06331c5c374595e46e16453ac7eafa40
  Flutter: e0871f40cf51350855a761d2e70bf5af5b9b5de7
  flutter_inappwebview_ios: 97215cf7d4677db55df76782dbd2930c5e1c1ea0
  OrderedSet: aaeb196f7fef5a9edf55d89760da9176ad40b93c
  path_provider_foundation: 3784922295ac71e43754bd15e0653ccfd36a147c
  sqflite: 673a0e54cc04b7d6dba8d24fb8095b31c3a99eec
  Stripe: b65e9f748f8f51b51e015b0d72f5474dc0708788
  stripe_ios: 433385aa051f8965915d495744946ee5a5d657db
  StripeApplePay: 4a2fef6cd4e1e9b2c0849919fc7b3a9c5c3684b1
  StripeCore: e1f6cd91d1487c0f6b5db81b42aec860420f75c9
  StripeFinancialConnections: d223a44613e6982cedd552c5950edc9b4901c90a
  StripePayments: 76144e9e6b5fee859954238a175f859043562659
  StripePaymentSheet: a25d920bb3bb5e2580696476482dc7df9cb5e4e2
  StripePaymentsUI: 66088abec88754bbdd522ef227dfdbb2265a653e
  StripeUICore: b193c7d35e9cd1b04bc9ed4a6fb8c548fcee83fa

PODFILE CHECKSUM: a57f30d18f102dd3ce366b1d62a55ecbef2158e5

COCOAPODS: 1.15.2
